
Microsoft Visual Studio Solution File, Format Version 12.00
# Visual Studio Version 16
VisualStudioVersion = 16.0.29613.14
MinimumVisualStudioVersion = 10.0.40219.1
Project("{FAE04EC0-301F-11D3-BF4B-00C04F79EFBC}") = "Project", "Project\Project.csproj", "{F535D94B-02E1-4272-9CAD-3C6EA253B100}"
EndProject
Global
	GlobalSection(SolutionConfigurationPlatforms) = preSolution
		Debug|Any CPU = Debug|Any CPU
		Release|Any CPU = Release|Any CPU
	EndGlobalSection
	GlobalSection(ProjectConfigurationPlatforms) = postSolution
		{F535D94B-02E1-4272-9CAD-3C6EA253B100}.Debug|Any CPU.ActiveCfg = Debug|Any CPU
		{F535D94B-02E1-4272-9CAD-3C6EA253B100}.Debug|Any CPU.Build.0 = Debug|Any CPU
		{F535D94B-02E1-4272-9CAD-3C6EA253B100}.Release|Any CPU.ActiveCfg = Release|Any CPU
		{F535D94B-02E1-4272-9CAD-3C6EA253B100}.Release|Any CPU.Build.0 = Release|Any CPU
	EndGlobalSection
	GlobalSection(SolutionProperties) = preSolution
		HideSolutionNode = FALSE
	EndGlobalSection
	GlobalSection(ExtensibilityGlobals) = postSolution
		SolutionGuid = {911BEA35-3975-4E74-AE82-6412C7E621E4}
	EndGlobalSection
EndGlobal
